
Microsoft Visual Studio Solution File, Format Version 12.00
# Visual Studio 15
VisualStudioVersion = 15.0.26730.16
MinimumVisualStudioVersion = 10.0.40219.1
Project("{8BC9CEB8-8B4A-11D0-8D11-00A0C91BC942}") = "1 лаба", "1 лаба\1 лаба.vcxproj", "{085B61D3-F661-43B8-A0F9-FCD2A2A28BED}"
EndProject
Global
	GlobalSection(SolutionConfigurationPlatforms) = preSolution
		Debug|x64 = Debug|x64
		Debug|x86 = Debug|x86
		Release|x64 = Release|x64
		Release|x86 = Release|x86
	EndGlobalSection
	GlobalSection(ProjectConfigurationPlatforms) = postSolution
		{085B61D3-F661-43B8-A0F9-FCD2A2A28BED}.Debug|x64.ActiveCfg = Debug|x64
		{085B61D3-F661-43B8-A0F9-FCD2A2A28BED}.Debug|x64.Build.0 = Debug|x64
		{085B61D3-F661-43B8-A0F9-FCD2A2A28BED}.Debug|x86.ActiveCfg = Debug|Win32
		{085B61D3-F661-43B8-A0F9-FCD2A2A28BED}.Debug|x86.Build.0 = Debug|Win32
		{085B61D3-F661-43B8-A0F9-FCD2A2A28BED}.Release|x64.ActiveCfg = Release|x64
		{085B61D3-F661-43B8-A0F9-FCD2A2A28BED}.Release|x64.Build.0 = Release|x64
		{085B61D3-F661-43B8-A0F9-FCD2A2A28BED}.Release|x86.ActiveCfg = Release|Win32
		{085B61D3-F661-43B8-A0F9-FCD2A2A28BED}.Release|x86.Build.0 = Release|Win32
	EndGlobalSection
	GlobalSection(SolutionProperties) = preSolution
		HideSolutionNode = FALSE
	EndGlobalSection
	GlobalSection(ExtensibilityGlobals) = postSolution
		SolutionGuid = {8BC17282-CC3C-4A74-9E3F-C158541BC002}
	EndGlobalSection
EndGlobal
